Microsoft Visual Studio Solution File, Format Version 12.00
# Visual Studio Version 17
VisualStudioVersion = 17.0.31903.59
MinimumVisualStudioVersion = 10.0.40219.1
Project("{FAE04EC0-301F-11D3-BF4B-00C04F79EFBC}") = "StalkerModLauncher", "src\StalkerModLauncher\StalkerModLauncher.csproj", "{5B4A05AF-D084-41CE-9E9B-2F27EFC1460E}"
EndProject
Project("{FAE04EC0-301F-11D3-BF4B-00C04F79EFBC}") = "StalkerModLauncher.Tests", "tests\StalkerModLauncher.Tests\StalkerModLauncher.Tests.csproj", "{6D264A21-491E-4B72-9E5D-BBFB68223318}"
EndProject
Global
	GlobalSection(SolutionConfigurationPlatforms) = preSolution
		Debug|Any CPU = Debug|Any CPU
		Release|Any CPU = Release|Any CPU
	EndGlobalSection
	GlobalSection(ProjectConfigurationPlatforms) = postSolution
		{5B4A05AF-D084-41CE-9E9B-2F27EFC1460E}.Debug|Any CPU.ActiveCfg = Debug|Any CPU
		{5B4A05AF-D084-41CE-9E9B-2F27EFC1460E}.Debug|Any CPU.Build.0 = Debug|Any CPU
		{5B4A05AF-D084-41CE-9E9B-2F27EFC1460E}.Release|Any CPU.ActiveCfg = Release|Any CPU
		{5B4A05AF-D084-41CE-9E9B-2F27EFC1460E}.Release|Any CPU.Build.0 = Release|Any CPU
		{6D264A21-491E-4B72-9E5D-BBFB68223318}.Debug|Any CPU.ActiveCfg = Debug|Any CPU
		{6D264A21-491E-4B72-9E5D-BBFB68223318}.Debug|Any CPU.Build.0 = Debug|Any CPU
		{6D264A21-491E-4B72-9E5D-BBFB68223318}.Release|Any CPU.ActiveCfg = Release|Any CPU
		{6D264A21-491E-4B72-9E5D-BBFB68223318}.Release|Any CPU.Build.0 = Release|Any CPU
	EndGlobalSection
EndGlobal
